
Microsoft Visual Studio Solution File, Format Version 12.00
# Visual Studio Version 17
VisualStudioVersion = 17.3.32901.215
MinimumVisualStudioVersion = 10.0.40219.1
Project("{9A19103F-16F7-4668-BE54-9A1E7A4F7556}") = "WebApplication1", "WebApplication1\WebApplication1.csproj", "{FBEBF683-2269-4862-8507-BC3B819E8349}"
EndProject
Global
	GlobalSection(SolutionConfigurationPlatforms) = preSolution
		Debug|Any CPU = Debug|Any CPU
		Release|Any CPU = Release|Any CPU
	EndGlobalSection
	GlobalSection(ProjectConfigurationPlatforms) = postSolution
		{FBEBF683-2269-4862-8507-BC3B819E8349}.Debug|Any CPU.ActiveCfg = Debug|Any CPU
		{FBEBF683-2269-4862-8507-BC3B819E8349}.Debug|Any CPU.Build.0 = Debug|Any CPU
		{FBEBF683-2269-4862-8507-BC3B819E8349}.Release|Any CPU.ActiveCfg = Release|Any CPU
		{FBEBF683-2269-4862-8507-BC3B819E8349}.Release|Any CPU.Build.0 = Release|Any CPU
	EndGlobalSection
	GlobalSection(SolutionProperties) = preSolution
		HideSolutionNode = FALSE
	EndGlobalSection
	GlobalSection(ExtensibilityGlobals) = postSolution
		SolutionGuid = {5FB7D152-5396-4758-9EC6-EAB4841BBE97}
	EndGlobalSection
EndGlobal
